<?xml version="1.0" encoding="utf-8"?>
<Project ToolsVersion="17.0" xmlns="http://schemas.microsoft.com/developer/msbuild/2003">
  <ItemGroup>
    <ClCompile Include="C:\Users\Mohamed\projects\BasicEngine\Engine3D\Camera.cpp">
      <Filter>Source Files</Filter>
    </ClCompile>
    <ClCompile Include="C:\Users\Mohamed\projects\BasicEngine\Engine3D\IndexBuffer.cpp">
      <Filter>Source Files</Filter>
    </ClCompile>
    <ClCompile Include="C:\Users\Mohamed\projects\BasicEngine\Engine3D\Mesh.cpp">
      <Filter>Source Files</Filter>
    </ClCompile>
    <ClCompile Include="C:\Users\Mohamed\projects\BasicEngine\Engine3D\MeshConstructor.cpp">
      <Filter>Source Files</Filter>
    </ClCompile>
    <ClCompile Include="C:\Users\Mohamed\projects\BasicEngine\Engine3D\MovableGLM.cpp">
      <Filter>Source Files</Filter>
    </ClCompile>
    <ClCompile Include="C:\Users\Mohamed\projects\BasicEngine\Engine3D\VertexArray.cpp">
      <Filter>Source Files</Filter>
    </ClCompile>
    <ClCompile Include="C:\Users\Mohamed\projects\BasicEngine\Engine3D\VertexBuffer.cpp">
      <Filter>Source Files</Filter>
    </ClCompile>
    <ClCompile Include="C:\Users\Mohamed\projects\BasicEngine\Engine3D\obj_loader.cpp">
      <Filter>Source Files</Filter>
    </ClCompile>
    <ClCompile Include="C:\Users\Mohamed\projects\BasicEngine\Engine3D\scene.cpp">
      <Filter>Source Files</Filter>
    </ClCompile>
    <ClCompile Include="C:\Users\Mohamed\projects\BasicEngine\Engine3D\shader.cpp">
      <Filter>Source Files</Filter>
    </ClCompile>
    <ClCompile Include="C:\Users\Mohamed\projects\BasicEngine\Engine3D\shape.cpp">
      <Filter>Source Files</Filter>
    </ClCompile>
    <ClCompile Include="C:\Users\Mohamed\projects\BasicEngine\Engine3D\stb_image.c">
      <Filter>Source Files</Filter>
    </ClCompile>
    <ClCompile Include="C:\Users\Mohamed\projects\BasicEngine\Engine3D\texture.cpp">
      <Filter>Source Files</Filter>
    </ClCompile>
  </ItemGroup>
  <ItemGroup>
    <ClInclude Include="C:\Users\Mohamed\projects\BasicEngine\Engine3D\Mesh.h">
      <Filter>Header Files</Filter>
    </ClInclude>
    <ClInclude Include="C:\Users\Mohamed\projects\BasicEngine\Engine3D\MeshConstructor.h">
      <Filter>Header Files</Filter>
    </ClInclude>
    <ClInclude Include="C:\Users\Mohamed\projects\BasicEngine\Engine3D\MovableGLM.h">
      <Filter>Header Files</Filter>
    </ClInclude>
    <ClInclude Include="C:\Users\Mohamed\projects\BasicEngine\Engine3D\camera.h">
      <Filter>Header Files</Filter>
    </ClInclude>
    <ClInclude Include="C:\Users\Mohamed\projects\BasicEngine\Engine3D\obj_loader.h">
      <Filter>Header Files</Filter>
    </ClInclude>
    <ClInclude Include="C:\Users\Mohamed\projects\BasicEngine\Engine3D\resource.h">
      <Filter>Header Files</Filter>
    </ClInclude>
    <ClInclude Include="C:\Users\Mohamed\projects\BasicEngine\Engine3D\scene.h">
      <Filter>Header Files</Filter>
    </ClInclude>
    <ClInclude Include="C:\Users\Mohamed\projects\BasicEngine\Engine3D\shader.h">
      <Filter>Header Files</Filter>
    </ClInclude>
    <ClInclude Include="C:\Users\Mohamed\projects\BasicEngine\Engine3D\shape.h">
      <Filter>Header Files</Filter>
    </ClInclude>
    <ClInclude Include="C:\Users\Mohamed\projects\BasicEngine\Engine3D\stb_image.h">
      <Filter>Header Files</Filter>
    </ClInclude>
    <ClInclude Include="C:\Users\Mohamed\projects\BasicEngine\Engine3D\stb_image_write.h">
      <Filter>Header Files</Filter>
    </ClInclude>
    <ClInclude Include="C:\Users\Mohamed\projects\BasicEngine\Engine3D\texture.h">
      <Filter>Header Files</Filter>
    </ClInclude>
  </ItemGroup>
  <ItemGroup>
    <CustomBuild Include="C:\Users\Mohamed\projects\BasicEngine\CMakeLists.txt" />
  </ItemGroup>
  <ItemGroup>
    <Filter Include="Header Files">
      <UniqueIdentifier>{0A078804-9C3E-398C-A011-2C035713CC93}</UniqueIdentifier>
    </Filter>
    <Filter Include="Source Files">
      <UniqueIdentifier>{2713A49B-B329-309F-8D4F-E180EB205290}</UniqueIdentifier>
    </Filter>
  </ItemGroup>
</Project>
