<?xml version="1.0" encoding="utf-8"?>
<Project ToolsVersion="17.0" xmlns="http://schemas.microsoft.com/developer/msbuild/2003">
  <ItemGroup>
    <CustomBuild Include="C:\Users\Mohamed\projects\BasicEngine\build\CMakeFiles\ae8f6e5c29aac2f593b8efe25539e5a9\INSTALL_force.rule">
      <Filter>CMake Rules</Filter>
    </CustomBuild>
  </ItemGroup>
  <ItemGroup>
    <Filter Include="CMake Rules">
      <UniqueIdentifier>{659CDC9C-8A91-392F-8537-02E61708463D}</UniqueIdentifier>
    </Filter>
  </ItemGroup>
</Project>
